
Microsoft Visual Studio Solution File, Format Version 11.00
# Visual Studio 2010
Project("{FAE04EC0-301F-11D3-BF4B-00C04F79EFBC}") = "Assembly-CSharp", "Assembly-CSharp.csproj", "{cef1feb8-1cbc-6ba4-9fb4-c63b431c30b4}"
EndProject
Project("{FAE04EC0-301F-11D3-BF4B-00C04F79EFBC}") = "PhotonUnityNetworking.Demos", "PhotonUnityNetworking.Demos.csproj", "{6eb68906-b8f6-262c-1104-9652aab59706}"
EndProject
Project("{FAE04EC0-301F-11D3-BF4B-00C04F79EFBC}") = "PhotonRealtime", "PhotonRealtime.csproj", "{d6498f18-64e8-5a27-cf27-21a509a9977d}"
EndProject
Project("{FAE04EC0-301F-11D3-BF4B-00C04F79EFBC}") = "PhotonUnityNetworking", "PhotonUnityNetworking.csproj", "{6e0799d9-81be-7bb5-ae79-d8ed839abcae}"
EndProject
Project("{FAE04EC0-301F-11D3-BF4B-00C04F79EFBC}") = "PhotonUnityNetworking.Utilities", "PhotonUnityNetworking.Utilities.csproj", "{7bbf2e02-3348-afc8-502a-c2a78b5dea06}"
EndProject
Project("{FAE04EC0-301F-11D3-BF4B-00C04F79EFBC}") = "PhotonChat", "PhotonChat.csproj", "{b1d25a07-1695-5116-b6ed-6818d4db1905}"
EndProject
Project("{FAE04EC0-301F-11D3-BF4B-00C04F79EFBC}") = "PhotonUnityNetworking.Editor", "PhotonUnityNetworking.Editor.csproj", "{3f36685c-f279-fbe8-2cf4-4ae64eaf9c97}"
EndProject
Project("{FAE04EC0-301F-11D3-BF4B-00C04F79EFBC}") = "PhotonUnityNetworking.Utilities.PhotonPlayer.Editor", "PhotonUnityNetworking.Utilities.PhotonPlayer.Editor.csproj", "{2fbac387-847e-61e8-f794-c7568128091b}"
EndProject
Project("{FAE04EC0-301F-11D3-BF4B-00C04F79EFBC}") = "PunDemos.DemoSlotcarEditor", "PunDemos.DemoSlotcarEditor.csproj", "{929b09cb-4be7-8a52-6c56-d94c0dab97ea}"
EndProject
Project("{FAE04EC0-301F-11D3-BF4B-00C04F79EFBC}") = "PhotonUnityNetworking.Utilities.Culling.Editor", "PhotonUnityNetworking.Utilities.Culling.Editor.csproj", "{f2259d8a-0ed3-cd7d-4837-b0e1b4bf1e31}"
EndProject
Project("{FAE04EC0-301F-11D3-BF4B-00C04F79EFBC}") = "PunDemos.DemoHubEditor", "PunDemos.DemoHubEditor.csproj", "{2f903c0d-9a8d-70a8-ecf1-e74a9aad652e}"
EndProject
Project("{FAE04EC0-301F-11D3-BF4B-00C04F79EFBC}") = "Assembly-CSharp-Editor", "Assembly-CSharp-Editor.csproj", "{bd911b93-6e58-8c71-97e2-9b95d65f5d5d}"
EndProject
Global
	GlobalSection(SolutionConfigurationPlatforms) = preSolution
		Debug|Any CPU = Debug|Any CPU
	EndGlobalSection
	GlobalSection(ProjectConfigurationPlatforms) = postSolution
		{cef1feb8-1cbc-6ba4-9fb4-c63b431c30b4}.Debug|Any CPU.ActiveCfg = Debug|Any CPU
		{cef1feb8-1cbc-6ba4-9fb4-c63b431c30b4}.Debug|Any CPU.Build.0 = Debug|Any CPU
		{6eb68906-b8f6-262c-1104-9652aab59706}.Debug|Any CPU.ActiveCfg = Debug|Any CPU
		{6eb68906-b8f6-262c-1104-9652aab59706}.Debug|Any CPU.Build.0 = Debug|Any CPU
		{d6498f18-64e8-5a27-cf27-21a509a9977d}.Debug|Any CPU.ActiveCfg = Debug|Any CPU
		{d6498f18-64e8-5a27-cf27-21a509a9977d}.Debug|Any CPU.Build.0 = Debug|Any CPU
		{6e0799d9-81be-7bb5-ae79-d8ed839abcae}.Debug|Any CPU.ActiveCfg = Debug|Any CPU
		{6e0799d9-81be-7bb5-ae79-d8ed839abcae}.Debug|Any CPU.Build.0 = Debug|Any CPU
		{7bbf2e02-3348-afc8-502a-c2a78b5dea06}.Debug|Any CPU.ActiveCfg = Debug|Any CPU
		{7bbf2e02-3348-afc8-502a-c2a78b5dea06}.Debug|Any CPU.Build.0 = Debug|Any CPU
		{b1d25a07-1695-5116-b6ed-6818d4db1905}.Debug|Any CPU.ActiveCfg = Debug|Any CPU
		{b1d25a07-1695-5116-b6ed-6818d4db1905}.Debug|Any CPU.Build.0 = Debug|Any CPU
		{3f36685c-f279-fbe8-2cf4-4ae64eaf9c97}.Debug|Any CPU.ActiveCfg = Debug|Any CPU
		{3f36685c-f279-fbe8-2cf4-4ae64eaf9c97}.Debug|Any CPU.Build.0 = Debug|Any CPU
		{2fbac387-847e-61e8-f794-c7568128091b}.Debug|Any CPU.ActiveCfg = Debug|Any CPU
		{2fbac387-847e-61e8-f794-c7568128091b}.Debug|Any CPU.Build.0 = Debug|Any CPU
		{929b09cb-4be7-8a52-6c56-d94c0dab97ea}.Debug|Any CPU.ActiveCfg = Debug|Any CPU
		{929b09cb-4be7-8a52-6c56-d94c0dab97ea}.Debug|Any CPU.Build.0 = Debug|Any CPU
		{f2259d8a-0ed3-cd7d-4837-b0e1b4bf1e31}.Debug|Any CPU.ActiveCfg = Debug|Any CPU
		{f2259d8a-0ed3-cd7d-4837-b0e1b4bf1e31}.Debug|Any CPU.Build.0 = Debug|Any CPU
		{2f903c0d-9a8d-70a8-ecf1-e74a9aad652e}.Debug|Any CPU.ActiveCfg = Debug|Any CPU
		{2f903c0d-9a8d-70a8-ecf1-e74a9aad652e}.Debug|Any CPU.Build.0 = Debug|Any CPU
		{bd911b93-6e58-8c71-97e2-9b95d65f5d5d}.Debug|Any CPU.ActiveCfg = Debug|Any CPU
		{bd911b93-6e58-8c71-97e2-9b95d65f5d5d}.Debug|Any CPU.Build.0 = Debug|Any CPU
	EndGlobalSection
	GlobalSection(SolutionProperties) = preSolution
		HideSolutionNode = FALSE
	EndGlobalSection
EndGlobal
