
Microsoft Visual Studio Solution File, Format Version 11.00
# Visual Studio 2010
Project("{FAE04EC0-301F-11D3-BF4B-00C04F79EFBC}") = "SimpleWebTransport", "SimpleWebTransport.csproj", "{e05b848f-6e61-ee59-993f-3245a0cae53b}"
EndProject
Project("{FAE04EC0-301F-11D3-BF4B-00C04F79EFBC}") = "Mirror.Examples", "Mirror.Examples.csproj", "{b0b9eb9f-161b-dadf-c2ec-1af82dff925a}"
EndProject
Project("{FAE04EC0-301F-11D3-BF4B-00C04F79EFBC}") = "Mirror", "Mirror.csproj", "{de2859d2-a76b-74bc-81a1-3e413adf5e4f}"
EndProject
Project("{FAE04EC0-301F-11D3-BF4B-00C04F79EFBC}") = "Mirror.Components", "Mirror.Components.csproj", "{723bbca8-241e-6dfb-cff9-c5003a0d1db2}"
EndProject
Project("{FAE04EC0-301F-11D3-BF4B-00C04F79EFBC}") = "Assembly-CSharp", "Assembly-CSharp.csproj", "{f5aaed6c-a07e-fa88-8ceb-86b5046a13b9}"
EndProject
Project("{FAE04EC0-301F-11D3-BF4B-00C04F79EFBC}") = "Telepathy", "Telepathy.csproj", "{ab9d63f7-ccc8-f9a8-9529-a02d4bcde56b}"
EndProject
Project("{FAE04EC0-301F-11D3-BF4B-00C04F79EFBC}") = "kcp2k", "kcp2k.csproj", "{2506770d-b7a5-47d2-87ef-96ce9b994f72}"
EndProject
Project("{FAE04EC0-301F-11D3-BF4B-00C04F79EFBC}") = "where-allocations", "where-allocations.csproj", "{244bcdd7-9b23-ed1f-da9e-17f858f9afac}"
EndProject
Project("{FAE04EC0-301F-11D3-BF4B-00C04F79EFBC}") = "Mirror.Authenticators", "Mirror.Authenticators.csproj", "{96544d5e-7835-2f11-f6e3-5dacd76d33d2}"
EndProject
Project("{FAE04EC0-301F-11D3-BF4B-00C04F79EFBC}") = "Unity.Mirror.CodeGen", "Unity.Mirror.CodeGen.csproj", "{5034bb35-36ed-cc13-b615-75b2bf80234d}"
EndProject
Project("{FAE04EC0-301F-11D3-BF4B-00C04F79EFBC}") = "Mirror.Editor", "Mirror.Editor.csproj", "{d9d931b0-bb8a-59e3-666c-977913e17390}"
EndProject
Project("{FAE04EC0-301F-11D3-BF4B-00C04F79EFBC}") = "Mirror.CompilerSymbols", "Mirror.CompilerSymbols.csproj", "{fe2fa3c9-c829-fe3d-cf75-6a4b28296f1e}"
EndProject
Project("{FAE04EC0-301F-11D3-BF4B-00C04F79EFBC}") = "Assembly-CSharp-Editor", "Assembly-CSharp-Editor.csproj", "{c42a4177-fa10-7fe2-202b-6726ac075229}"
EndProject
Global
	GlobalSection(SolutionConfigurationPlatforms) = preSolution
		Debug|Any CPU = Debug|Any CPU
	EndGlobalSection
	GlobalSection(ProjectConfigurationPlatforms) = postSolution
		{e05b848f-6e61-ee59-993f-3245a0cae53b}.Debug|Any CPU.ActiveCfg = Debug|Any CPU
		{e05b848f-6e61-ee59-993f-3245a0cae53b}.Debug|Any CPU.Build.0 = Debug|Any CPU
		{b0b9eb9f-161b-dadf-c2ec-1af82dff925a}.Debug|Any CPU.ActiveCfg = Debug|Any CPU
		{b0b9eb9f-161b-dadf-c2ec-1af82dff925a}.Debug|Any CPU.Build.0 = Debug|Any CPU
		{de2859d2-a76b-74bc-81a1-3e413adf5e4f}.Debug|Any CPU.ActiveCfg = Debug|Any CPU
		{de2859d2-a76b-74bc-81a1-3e413adf5e4f}.Debug|Any CPU.Build.0 = Debug|Any CPU
		{723bbca8-241e-6dfb-cff9-c5003a0d1db2}.Debug|Any CPU.ActiveCfg = Debug|Any CPU
		{723bbca8-241e-6dfb-cff9-c5003a0d1db2}.Debug|Any CPU.Build.0 = Debug|Any CPU
		{f5aaed6c-a07e-fa88-8ceb-86b5046a13b9}.Debug|Any CPU.ActiveCfg = Debug|Any CPU
		{f5aaed6c-a07e-fa88-8ceb-86b5046a13b9}.Debug|Any CPU.Build.0 = Debug|Any CPU
		{ab9d63f7-ccc8-f9a8-9529-a02d4bcde56b}.Debug|Any CPU.ActiveCfg = Debug|Any CPU
		{ab9d63f7-ccc8-f9a8-9529-a02d4bcde56b}.Debug|Any CPU.Build.0 = Debug|Any CPU
		{2506770d-b7a5-47d2-87ef-96ce9b994f72}.Debug|Any CPU.ActiveCfg = Debug|Any CPU
		{2506770d-b7a5-47d2-87ef-96ce9b994f72}.Debug|Any CPU.Build.0 = Debug|Any CPU
		{244bcdd7-9b23-ed1f-da9e-17f858f9afac}.Debug|Any CPU.ActiveCfg = Debug|Any CPU
		{244bcdd7-9b23-ed1f-da9e-17f858f9afac}.Debug|Any CPU.Build.0 = Debug|Any CPU
		{96544d5e-7835-2f11-f6e3-5dacd76d33d2}.Debug|Any CPU.ActiveCfg = Debug|Any CPU
		{96544d5e-7835-2f11-f6e3-5dacd76d33d2}.Debug|Any CPU.Build.0 = Debug|Any CPU
		{5034bb35-36ed-cc13-b615-75b2bf80234d}.Debug|Any CPU.ActiveCfg = Debug|Any CPU
		{5034bb35-36ed-cc13-b615-75b2bf80234d}.Debug|Any CPU.Build.0 = Debug|Any CPU
		{d9d931b0-bb8a-59e3-666c-977913e17390}.Debug|Any CPU.ActiveCfg = Debug|Any CPU
		{d9d931b0-bb8a-59e3-666c-977913e17390}.Debug|Any CPU.Build.0 = Debug|Any CPU
		{fe2fa3c9-c829-fe3d-cf75-6a4b28296f1e}.Debug|Any CPU.ActiveCfg = Debug|Any CPU
		{fe2fa3c9-c829-fe3d-cf75-6a4b28296f1e}.Debug|Any CPU.Build.0 = Debug|Any CPU
		{c42a4177-fa10-7fe2-202b-6726ac075229}.Debug|Any CPU.ActiveCfg = Debug|Any CPU
		{c42a4177-fa10-7fe2-202b-6726ac075229}.Debug|Any CPU.Build.0 = Debug|Any CPU
	EndGlobalSection
	GlobalSection(SolutionProperties) = preSolution
		HideSolutionNode = FALSE
	EndGlobalSection
EndGlobal
