
Microsoft Visual Studio Solution File, Format Version 11.00
# Visual Studio 2010
Project("{FAE04EC0-301F-11D3-BF4B-00C04F79EFBC}") = "Assembly-CSharp", "Assembly-CSharp.csproj", "{f5aaed6c-a07e-fa88-8ceb-86b5046a13b9}"
EndProject
Project("{FAE04EC0-301F-11D3-BF4B-00C04F79EFBC}") = "PhotonUnityNetworking.Demos", "PhotonUnityNetworking.Demos.csproj", "{f40e954b-c2f7-b99d-9b50-3288236cfaaf}"
EndProject
Project("{FAE04EC0-301F-11D3-BF4B-00C04F79EFBC}") = "PhotonRealtime", "PhotonRealtime.csproj", "{925ce898-1f39-76d5-3592-6d557e7936f3}"
EndProject
Project("{FAE04EC0-301F-11D3-BF4B-00C04F79EFBC}") = "PhotonUnityNetworking", "PhotonUnityNetworking.csproj", "{9315f546-83d2-2666-9141-5650cba79fa3}"
EndProject
Project("{FAE04EC0-301F-11D3-BF4B-00C04F79EFBC}") = "PhotonUnityNetworking.Utilities", "PhotonUnityNetworking.Utilities.csproj", "{be30f28c-f155-b32b-8454-a9bb86d4c8f7}"
EndProject
Project("{FAE04EC0-301F-11D3-BF4B-00C04F79EFBC}") = "PhotonChat", "PhotonChat.csproj", "{6b9983fd-972d-6eab-d5cb-af99313f0a4f}"
EndProject
Project("{FAE04EC0-301F-11D3-BF4B-00C04F79EFBC}") = "PhotonUnityNetworking.Editor", "PhotonUnityNetworking.Editor.csproj", "{b67e1fb8-8749-05cc-446c-1d2f0d33062d}"
EndProject
Project("{FAE04EC0-301F-11D3-BF4B-00C04F79EFBC}") = "PhotonUnityNetworking.Utilities.PhotonPlayer.Editor", "PhotonUnityNetworking.Utilities.PhotonPlayer.Editor.csproj", "{67c6b5a8-62fa-2fe9-9b81-22ea1cb1bd7c}"
EndProject
Project("{FAE04EC0-301F-11D3-BF4B-00C04F79EFBC}") = "PunDemos.DemoSlotcarEditor", "PunDemos.DemoSlotcarEditor.csproj", "{67191a54-1c11-bca9-b3f0-5df83ae0d235}"
EndProject
Project("{FAE04EC0-301F-11D3-BF4B-00C04F79EFBC}") = "PhotonUnityNetworking.Utilities.Culling.Editor", "PhotonUnityNetworking.Utilities.Culling.Editor.csproj", "{79c253ab-3f5b-82a4-3d54-466f77ad7d0a}"
EndProject
Project("{FAE04EC0-301F-11D3-BF4B-00C04F79EFBC}") = "PunDemos.DemoHubEditor", "PunDemos.DemoHubEditor.csproj", "{a0018bd7-094f-af28-14da-0855d3e636c7}"
EndProject
Project("{FAE04EC0-301F-11D3-BF4B-00C04F79EFBC}") = "Assembly-CSharp-Editor", "Assembly-CSharp-Editor.csproj", "{c42a4177-fa10-7fe2-202b-6726ac075229}"
EndProject
Global
	GlobalSection(SolutionConfigurationPlatforms) = preSolution
		Debug|Any CPU = Debug|Any CPU
	EndGlobalSection
	GlobalSection(ProjectConfigurationPlatforms) = postSolution
		{f5aaed6c-a07e-fa88-8ceb-86b5046a13b9}.Debug|Any CPU.ActiveCfg = Debug|Any CPU
		{f5aaed6c-a07e-fa88-8ceb-86b5046a13b9}.Debug|Any CPU.Build.0 = Debug|Any CPU
		{f40e954b-c2f7-b99d-9b50-3288236cfaaf}.Debug|Any CPU.ActiveCfg = Debug|Any CPU
		{f40e954b-c2f7-b99d-9b50-3288236cfaaf}.Debug|Any CPU.Build.0 = Debug|Any CPU
		{925ce898-1f39-76d5-3592-6d557e7936f3}.Debug|Any CPU.ActiveCfg = Debug|Any CPU
		{925ce898-1f39-76d5-3592-6d557e7936f3}.Debug|Any CPU.Build.0 = Debug|Any CPU
		{9315f546-83d2-2666-9141-5650cba79fa3}.Debug|Any CPU.ActiveCfg = Debug|Any CPU
		{9315f546-83d2-2666-9141-5650cba79fa3}.Debug|Any CPU.Build.0 = Debug|Any CPU
		{be30f28c-f155-b32b-8454-a9bb86d4c8f7}.Debug|Any CPU.ActiveCfg = Debug|Any CPU
		{be30f28c-f155-b32b-8454-a9bb86d4c8f7}.Debug|Any CPU.Build.0 = Debug|Any CPU
		{6b9983fd-972d-6eab-d5cb-af99313f0a4f}.Debug|Any CPU.ActiveCfg = Debug|Any CPU
		{6b9983fd-972d-6eab-d5cb-af99313f0a4f}.Debug|Any CPU.Build.0 = Debug|Any CPU
		{b67e1fb8-8749-05cc-446c-1d2f0d33062d}.Debug|Any CPU.ActiveCfg = Debug|Any CPU
		{b67e1fb8-8749-05cc-446c-1d2f0d33062d}.Debug|Any CPU.Build.0 = Debug|Any CPU
		{67c6b5a8-62fa-2fe9-9b81-22ea1cb1bd7c}.Debug|Any CPU.ActiveCfg = Debug|Any CPU
		{67c6b5a8-62fa-2fe9-9b81-22ea1cb1bd7c}.Debug|Any CPU.Build.0 = Debug|Any CPU
		{67191a54-1c11-bca9-b3f0-5df83ae0d235}.Debug|Any CPU.ActiveCfg = Debug|Any CPU
		{67191a54-1c11-bca9-b3f0-5df83ae0d235}.Debug|Any CPU.Build.0 = Debug|Any CPU
		{79c253ab-3f5b-82a4-3d54-466f77ad7d0a}.Debug|Any CPU.ActiveCfg = Debug|Any CPU
		{79c253ab-3f5b-82a4-3d54-466f77ad7d0a}.Debug|Any CPU.Build.0 = Debug|Any CPU
		{a0018bd7-094f-af28-14da-0855d3e636c7}.Debug|Any CPU.ActiveCfg = Debug|Any CPU
		{a0018bd7-094f-af28-14da-0855d3e636c7}.Debug|Any CPU.Build.0 = Debug|Any CPU
		{c42a4177-fa10-7fe2-202b-6726ac075229}.Debug|Any CPU.ActiveCfg = Debug|Any CPU
		{c42a4177-fa10-7fe2-202b-6726ac075229}.Debug|Any CPU.Build.0 = Debug|Any CPU
	EndGlobalSection
	GlobalSection(SolutionProperties) = preSolution
		HideSolutionNode = FALSE
	EndGlobalSection
EndGlobal
